
Microsoft Visual Studio Solution File, Format Version 12.00
# Visual Studio Version 17
VisualStudioVersion = 17.0.31903.59
MinimumVisualStudioVersion = 10.0.40219.1
Project("{FAE04EC0-301F-11D3-BF4B-00C04F79EFBC}") = "BreakInfinity", "BreakInfinity\BreakInfinity.csproj", "{FF3A83F3-0E24-4984-80DF-E762BED58B61}"
EndProject
Project("{FAE04EC0-301F-11D3-BF4B-00C04F79EFBC}") = "BreakInfinity.Test", "BreakInfinity.Test\BreakInfinity.Test.csproj", "{802CC684-CBE4-42ED-BF2A-457756569D14}"
EndProject
Global
	GlobalSection(SolutionConfigurationPlatforms) = preSolution
		Debug|Any CPU = Debug|Any CPU
		Release|Any CPU = Release|Any CPU
	EndGlobalSection
	GlobalSection(ProjectConfigurationPlatforms) = postSolution
		{FF3A83F3-0E24-4984-80DF-E762BED58B61}.Debug|Any CPU.ActiveCfg = Debug|Any CPU
		{FF3A83F3-0E24-4984-80DF-E762BED58B61}.Debug|Any CPU.Build.0 = Debug|Any CPU
		{FF3A83F3-0E24-4984-80DF-E762BED58B61}.Release|Any CPU.ActiveCfg = Release|Any CPU
		{FF3A83F3-0E24-4984-80DF-E762BED58B61}.Release|Any CPU.Build.0 = Release|Any CPU
		{802CC684-CBE4-42ED-BF2A-457756569D14}.Debug|Any CPU.ActiveCfg = Debug|Any CPU
		{802CC684-CBE4-42ED-BF2A-457756569D14}.Debug|Any CPU.Build.0 = Debug|Any CPU
		{802CC684-CBE4-42ED-BF2A-457756569D14}.Release|Any CPU.ActiveCfg = Release|Any CPU
		{802CC684-CBE4-42ED-BF2A-457756569D14}.Release|Any CPU.Build.0 = Release|Any CPU
	EndGlobalSection
	GlobalSection(SolutionProperties) = preSolution
		HideSolutionNode = FALSE
	EndGlobalSection
	GlobalSection(ExtensibilityGlobals) = postSolution
		SolutionGuid = {4D8A5DC1-2E7C-454F-B3F6-1D6C91DD4B3C}
	EndGlobalSection
EndGlobal
